
Microsoft Visual Studio Solution File, Format Version 12.00
# Visual Studio 15
VisualStudioVersion = 15.0.28010.2041
MinimumVisualStudioVersion = 10.0.40219.1
Project("{9A19103F-16F7-4668-BE54-9A1E7A4F7556}") = "BlogAPI", "BlogAPI\BlogAPI.csproj", "{04444EC2-3C41-490A-BB07-0ABE1A0972DE}"
EndProject
Project("{9A19103F-16F7-4668-BE54-9A1E7A4F7556}") = "Entities", "Entities\Entities.csproj", "{F173C898-9142-4F52-AB68-0086D5A46F20}"
EndProject
Project("{FAE04EC0-301F-11D3-BF4B-00C04F79EFBC}") = "Repositories", "Repositories\Repositories.csproj", "{5E574AB0-8150-4CA9-A32C-3557A488B18F}"
EndProject
Global
	GlobalSection(SolutionConfigurationPlatforms) = preSolution
		Debug|Any CPU = Debug|Any CPU
		Release|Any CPU = Release|Any CPU
	EndGlobalSection
	GlobalSection(ProjectConfigurationPlatforms) = postSolution
		{04444EC2-3C41-490A-BB07-0ABE1A0972DE}.Debug|Any CPU.ActiveCfg = Debug|Any CPU
		{04444EC2-3C41-490A-BB07-0ABE1A0972DE}.Debug|Any CPU.Build.0 = Debug|Any CPU
		{04444EC2-3C41-490A-BB07-0ABE1A0972DE}.Release|Any CPU.ActiveCfg = Release|Any CPU
		{04444EC2-3C41-490A-BB07-0ABE1A0972DE}.Release|Any CPU.Build.0 = Release|Any CPU
		{F173C898-9142-4F52-AB68-0086D5A46F20}.Debug|Any CPU.ActiveCfg = Debug|Any CPU
		{F173C898-9142-4F52-AB68-0086D5A46F20}.Debug|Any CPU.Build.0 = Debug|Any CPU
		{F173C898-9142-4F52-AB68-0086D5A46F20}.Release|Any CPU.ActiveCfg = Release|Any CPU
		{F173C898-9142-4F52-AB68-0086D5A46F20}.Release|Any CPU.Build.0 = Release|Any CPU
		{5E574AB0-8150-4CA9-A32C-3557A488B18F}.Debug|Any CPU.ActiveCfg = Debug|Any CPU
		{5E574AB0-8150-4CA9-A32C-3557A488B18F}.Debug|Any CPU.Build.0 = Debug|Any CPU
		{5E574AB0-8150-4CA9-A32C-3557A488B18F}.Release|Any CPU.ActiveCfg = Release|Any CPU
		{5E574AB0-8150-4CA9-A32C-3557A488B18F}.Release|Any CPU.Build.0 = Release|Any CPU
	EndGlobalSection
	GlobalSection(SolutionProperties) = preSolution
		HideSolutionNode = FALSE
	EndGlobalSection
	GlobalSection(ExtensibilityGlobals) = postSolution
		SolutionGuid = {ABFBC5EE-0A03-4C1A-9467-CE680C893756}
	EndGlobalSection
EndGlobal
